// !$*UTF8*$!
{
	archiveVersion = 1;
	classes = {
	};
	objectVersion = 77;
	objects = {

/* Begin PBXBuildFile section */
		30F397FC6D02D9C482403370 /* RulesEngine.swift in Sources */ = {isa = PBXBuildFile; fileRef = F9029196320DBD309B37C3DF /* RulesEngine.swift */; };
		36247FEC2E735EFE452C3517 /* GRPCProtobuf in Frameworks */ = {isa = PBXBuildFile; productRef = 888E8934CE8EAD46D4E6DAA5 /* GRPCProtobuf */; };
		3726D8C3D6CD45309F68CD7C /* Assets.xcassets in Resources */ = {isa = PBXBuildFile; fileRef = 56E78744EFB33B46D4A5A2B5 /* Assets.xcassets */; };
		375BFEAFD439DC1C826C0E26 /* GRPCNIOTransportHTTP2 in Frameworks */ = {isa = PBXBuildFile; productRef = 0F271E3EA3A6383E1592DDB8 /* GRPCNIOTransportHTTP2 */; };
		45429AF9CFCBB2C212263235 /* DaemonClient.swift in Sources */ = {isa = PBXBuildFile; fileRef = 9EB93DC69AF92E057986CC50 /* DaemonClient.swift */; };
		48197894CF4B58C8163F54E2 /* powergrid.grpc.swift in Sources */ = {isa = PBXBuildFile; fileRef = EED0801A06EFD22354C2C52F /* powergrid.grpc.swift */; };
		48A6D55FF46CB350C0101D9F /* PowerGridTests.swift in Sources */ = {isa = PBXBuildFile; fileRef = DC82ACB61B9837C5CF1E7005 /* PowerGridTests.swift */; };
		50FEF02459540073C6DD083D /* Notifications.swift in Sources */ = {isa = PBXBuildFile; fileRef = 7C90444A378589C784950DA9 /* Notifications.swift */; };
		62CEE2148803E2BEB87B6032 /* PowerGridUITests.swift in Sources */ = {isa = PBXBuildFile; fileRef = 31BBF6D06A3A0C8C269D442F /* PowerGridUITests.swift */; };
		7B89646C75BCB37A81AF991B /* QuickActionButton.swift in Sources */ = {isa = PBXBuildFile; fileRef = 2BE8ABB444032EF8E35E84DC /* QuickActionButton.swift */; };
		7C16C62621324AF953B191C7 /* GRPCCore in Frameworks */ = {isa = PBXBuildFile; productRef = B8ECDB6E4334FB614252F46C /* GRPCCore */; };
		85CE20B84447F5A8764AB4C7 /* SwiftProtobuf in Frameworks */ = {isa = PBXBuildFile; productRef = F36B877692413BA5A91D1F5C /* SwiftProtobuf */; };
		96B83073A7D90207D519CA8B /* powergrid.pb.swift in Sources */ = {isa = PBXBuildFile; fileRef = A7A90D6D5517C2979F72552E /* powergrid.pb.swift */; };
		B6471797EA2A87DAAD742237 /* PowerGridUITestsLaunchTests.swift in Sources */ = {isa = PBXBuildFile; fileRef = 54C6D8F9ABDCB05EF2108A80 /* PowerGridUITestsLaunchTests.swift */; };
		B6EE485CF929C5336E553290 /* TimeEstimation.swift in Sources */ = {isa = PBXBuildFile; fileRef = 836BCF5B68D829572E180F46 /* TimeEstimation.swift */; };
		E4DA3057EB8E1CCE973E1578 /* GRPCInProcessTransport in Frameworks */ = {isa = PBXBuildFile; productRef = 62515A9165DFAB7818F0A845 /* GRPCInProcessTransport */; };
		E6E455BF2A00DD281A54F3C6 /* NIOCore in Frameworks */ = {isa = PBXBuildFile; productRef = CBDF251491F443289EA8E587 /* NIOCore */; };
		F5085199BB624DDEF6116476 /* Settings.swift in Sources */ = {isa = PBXBuildFile; fileRef = EB652CC10BB0659BBC7609A3 /* Settings.swift */; };
		F858B95714D4B28010836C45 /* PowerGridApp.swift in Sources */ = {isa = PBXBuildFile; fileRef = 566CC142DAF8A95824193605 /* PowerGridApp.swift */; };
/* End PBXBuildFile section */

/* Begin PBXContainerItemProxy section */
		B4C5FF439956AF9E111EAD6A /* PBXContainerItemProxy */ = {
			isa = PBXContainerItemProxy;
			containerPortal = D00EA0F08AC59E5340671A6A /* Project object */;
			proxyType = 1;
			remoteGlobalIDString = 4EB65F118FC6F6002695DEF6;
			remoteInfo = PowerGrid;
		};
		BC7150C0F46E9E17906EF34E /* PBXContainerItemProxy */ = {
			isa = PBXContainerItemProxy;
			containerPortal = D00EA0F08AC59E5340671A6A /* Project object */;
			proxyType = 1;
			remoteGlobalIDString = 4EB65F118FC6F6002695DEF6;
			remoteInfo = PowerGrid;
		};
/* End PBXContainerItemProxy section */

/* Begin PBXFileReference section */
		257719E273DB29783563FC40 /* PowerGrid.app */ = {isa = PBXFileReference; explicitFileType = wrapper.application; includeInIndex = 0; path = PowerGrid.app; sourceTree = BUILT_PRODUCTS_DIR; };
		2BE8ABB444032EF8E35E84DC /* QuickActionButton.swift */ = {isa = PBXFileReference; lastKnownFileType = sourcecode.swift; path = QuickActionButton.swift; sourceTree = "<group>"; };
		31BBF6D06A3A0C8C269D442F /* PowerGridUITests.swift */ = {isa = PBXFileReference; lastKnownFileType = sourcecode.swift; path = PowerGridUITests.swift; sourceTree = "<group>"; };
		52D4F08E46D4800B2B1E4F1C /* PowerGridUITests.xctest */ = {isa = PBXFileReference; explicitFileType = wrapper.cfbundle; includeInIndex = 0; path = PowerGridUITests.xctest; sourceTree = BUILT_PRODUCTS_DIR; };
		54C6D8F9ABDCB05EF2108A80 /* PowerGridUITestsLaunchTests.swift */ = {isa = PBXFileReference; lastKnownFileType = sourcecode.swift; path = PowerGridUITestsLaunchTests.swift; sourceTree = "<group>"; };
		566CC142DAF8A95824193605 /* PowerGridApp.swift */ = {isa = PBXFileReference; lastKnownFileType = sourcecode.swift; path = PowerGridApp.swift; sourceTree = "<group>"; };
		56E78744EFB33B46D4A5A2B5 /* Assets.xcassets */ = {isa = PBXFileReference; lastKnownFileType = folder.assetcatalog; path = Assets.xcassets; sourceTree = "<group>"; };
		69F429E0BE0751D9045BA31A /* Base.xcconfig */ = {isa = PBXFileReference; lastKnownFileType = text.xcconfig; path = Base.xcconfig; sourceTree = "<group>"; };
		7C90444A378589C784950DA9 /* Notifications.swift */ = {isa = PBXFileReference; lastKnownFileType = sourcecode.swift; path = Notifications.swift; sourceTree = "<group>"; };
		836BCF5B68D829572E180F46 /* TimeEstimation.swift */ = {isa = PBXFileReference; lastKnownFileType = sourcecode.swift; path = TimeEstimation.swift; sourceTree = "<group>"; };
		9EB93DC69AF92E057986CC50 /* DaemonClient.swift */ = {isa = PBXFileReference; lastKnownFileType = sourcecode.swift; path = DaemonClient.swift; sourceTree = "<group>"; };
		A7A90D6D5517C2979F72552E /* powergrid.pb.swift */ = {isa = PBXFileReference; lastKnownFileType = sourcecode.swift; path = powergrid.pb.swift; sourceTree = "<group>"; };
		B6419F8B77E2DF787A1FC429 /* PowerGrid.entitlements */ = {isa = PBXFileReference; lastKnownFileType = text.plist.entitlements; path = PowerGrid.entitlements; sourceTree = "<group>"; };
		D5817668980061BED52C7FE2 /* PowerGridTests.xctest */ = {isa = PBXFileReference; explicitFileType = wrapper.cfbundle; includeInIndex = 0; path = PowerGridTests.xctest; sourceTree = BUILT_PRODUCTS_DIR; };
		DB0743A5DC613F3613A8C884 /* .gitkeep */ = {isa = PBXFileReference; path = .gitkeep; sourceTree = "<group>"; };
		DC82ACB61B9837C5CF1E7005 /* PowerGridTests.swift */ = {isa = PBXFileReference; lastKnownFileType = sourcecode.swift; path = PowerGridTests.swift; sourceTree = "<group>"; };
		EB652CC10BB0659BBC7609A3 /* Settings.swift */ = {isa = PBXFileReference; lastKnownFileType = sourcecode.swift; path = Settings.swift; sourceTree = "<group>"; };
		EED0801A06EFD22354C2C52F /* powergrid.grpc.swift */ = {isa = PBXFileReference; lastKnownFileType = sourcecode.swift; path = powergrid.grpc.swift; sourceTree = "<group>"; };
		F9029196320DBD309B37C3DF /* RulesEngine.swift */ = {isa = PBXFileReference; lastKnownFileType = sourcecode.swift; path = RulesEngine.swift; sourceTree = "<group>"; };
/* End PBXFileReference section */

/* Begin PBXFrameworksBuildPhase section */
		6DD7BF36E9DE98666471D0ED /* Frameworks */ = {
			isa = PBXFrameworksBuildPhase;
			buildActionMask = 2147483647;
			files = (
				375BFEAFD439DC1C826C0E26 /* GRPCNIOTransportHTTP2 in Frameworks */,
				7C16C62621324AF953B191C7 /* GRPCCore in Frameworks */,
				E4DA3057EB8E1CCE973E1578 /* GRPCInProcessTransport in Frameworks */,
				E6E455BF2A00DD281A54F3C6 /* NIOCore in Frameworks */,
				36247FEC2E735EFE452C3517 /* GRPCProtobuf in Frameworks */,
				85CE20B84447F5A8764AB4C7 /* SwiftProtobuf in Frameworks */,
			);
			runOnlyForDeploymentPostprocessing = 0;
		};
/* End PBXFrameworksBuildPhase section */

/* Begin PBXGroup section */
		0DF8AD9C8F7B577B0A393490 /* rpc */ = {
			isa = PBXGroup;
			children = (
				DB0743A5DC613F3613A8C884 /* .gitkeep */,
				EED0801A06EFD22354C2C52F /* powergrid.grpc.swift */,
				A7A90D6D5517C2979F72552E /* powergrid.pb.swift */,
			);
			path = rpc;
			sourceTree = "<group>";
		};
		0EDAD57100E56D4E5180E577 /* PowerGridTests */ = {
			isa = PBXGroup;
			children = (
				DC82ACB61B9837C5CF1E7005 /* PowerGridTests.swift */,
			);
			path = PowerGridTests;
			sourceTree = "<group>";
		};
		20B33861DC251D45B0FCF402 = {
			isa = PBXGroup;
			children = (
				43E8CF45D2B185169321979F /* Config */,
				AAC1B1FD6E11F9994E5B7103 /* PowerGrid */,
				0EDAD57100E56D4E5180E577 /* PowerGridTests */,
				FC0A127A27F66FB022C329D1 /* PowerGridUITests */,
				57BECC80F9FB2520E1B6EED1 /* Products */,
			);
			sourceTree = "<group>";
		};
		43E8CF45D2B185169321979F /* Config */ = {
			isa = PBXGroup;
			children = (
				69F429E0BE0751D9045BA31A /* Base.xcconfig */,
			);
			path = Config;
			sourceTree = "<group>";
		};
		57BECC80F9FB2520E1B6EED1 /* Products */ = {
			isa = PBXGroup;
			children = (
				257719E273DB29783563FC40 /* PowerGrid.app */,
				D5817668980061BED52C7FE2 /* PowerGridTests.xctest */,
				52D4F08E46D4800B2B1E4F1C /* PowerGridUITests.xctest */,
			);
			name = Products;
			sourceTree = "<group>";
		};
		AAC1B1FD6E11F9994E5B7103 /* PowerGrid */ = {
			isa = PBXGroup;
			children = (
				FA6CA5E11CA8C76EB450FACB /* internal */,
				56E78744EFB33B46D4A5A2B5 /* Assets.xcassets */,
				9EB93DC69AF92E057986CC50 /* DaemonClient.swift */,
				7C90444A378589C784950DA9 /* Notifications.swift */,
				B6419F8B77E2DF787A1FC429 /* PowerGrid.entitlements */,
				566CC142DAF8A95824193605 /* PowerGridApp.swift */,
				2BE8ABB444032EF8E35E84DC /* QuickActionButton.swift */,
				F9029196320DBD309B37C3DF /* RulesEngine.swift */,
				EB652CC10BB0659BBC7609A3 /* Settings.swift */,
				836BCF5B68D829572E180F46 /* TimeEstimation.swift */,
			);
			path = PowerGrid;
			sourceTree = "<group>";
		};
		FA6CA5E11CA8C76EB450FACB /* internal */ = {
			isa = PBXGroup;
			children = (
				0DF8AD9C8F7B577B0A393490 /* rpc */,
			);
			path = internal;
			sourceTree = "<group>";
		};
		FC0A127A27F66FB022C329D1 /* PowerGridUITests */ = {
			isa = PBXGroup;
			children = (
				31BBF6D06A3A0C8C269D442F /* PowerGridUITests.swift */,
				54C6D8F9ABDCB05EF2108A80 /* PowerGridUITestsLaunchTests.swift */,
			);
			path = PowerGridUITests;
			sourceTree = "<group>";
		};
/* End PBXGroup section */

/* Begin PBXNativeTarget section */
		149FE0401C1227C333A3DE4E /* PowerGridTests */ = {
			isa = PBXNativeTarget;
			buildConfigurationList = 71CBDC00A522C96304BA4F76 /* Build configuration list for PBXNativeTarget "PowerGridTests" */;
			buildPhases = (
				A925C9D560DEA8F5A07C6C23 /* Sources */,
			);
			buildRules = (
			);
			dependencies = (
				CD1C93DD31B9A48AB6D4FAF0 /* PBXTargetDependency */,
			);
			name = PowerGridTests;
			packageProductDependencies = (
			);
			productName = PowerGridTests;
			productReference = D5817668980061BED52C7FE2 /* PowerGridTests.xctest */;
			productType = "com.apple.product-type.bundle.unit-test";
		};
		4EB65F118FC6F6002695DEF6 /* PowerGrid */ = {
			isa = PBXNativeTarget;
			buildConfigurationList = ED18CDAF48960650EABDFC9D /* Build configuration list for PBXNativeTarget "PowerGrid" */;
			buildPhases = (
				A70510C2A5D2359EC1402839 /* Generate Go Artifacts */,
				BD0C825FED2B74CA51729273 /* Stage Go Artifacts */,
				7DDD7E9311F1A309EEA54758 /* Sources */,
				B2B56A177938F20818D17549 /* Resources */,
				6DD7BF36E9DE98666471D0ED /* Frameworks */,
			);
			buildRules = (
			);
			dependencies = (
			);
			name = PowerGrid;
			packageProductDependencies = (
				0F271E3EA3A6383E1592DDB8 /* GRPCNIOTransportHTTP2 */,
				B8ECDB6E4334FB614252F46C /* GRPCCore */,
				62515A9165DFAB7818F0A845 /* GRPCInProcessTransport */,
				CBDF251491F443289EA8E587 /* NIOCore */,
				888E8934CE8EAD46D4E6DAA5 /* GRPCProtobuf */,
				F36B877692413BA5A91D1F5C /* SwiftProtobuf */,
			);
			productName = PowerGrid;
			productReference = 257719E273DB29783563FC40 /* PowerGrid.app */;
			productType = "com.apple.product-type.application";
		};
		C156C374EC8B50BC08E208EE /* PowerGridUITests */ = {
			isa = PBXNativeTarget;
			buildConfigurationList = 81ED5351198487FECC1A92F0 /* Build configuration list for PBXNativeTarget "PowerGridUITests" */;
			buildPhases = (
				A9884A2A920A680213C7F8E2 /* Sources */,
			);
			buildRules = (
			);
			dependencies = (
				50313327F657455392DE215A /* PBXTargetDependency */,
			);
			name = PowerGridUITests;
			packageProductDependencies = (
			);
			productName = PowerGridUITests;
			productReference = 52D4F08E46D4800B2B1E4F1C /* PowerGridUITests.xctest */;
			productType = "com.apple.product-type.bundle.ui-testing";
		};
/* End PBXNativeTarget section */

/* Begin PBXProject section */
		D00EA0F08AC59E5340671A6A /* Project object */ = {
			isa = PBXProject;
			attributes = {
				BuildIndependentTargetsInParallel = YES;
				LastUpgradeCheck = 1430;
				TargetAttributes = {
					149FE0401C1227C333A3DE4E = {
						DevelopmentTeam = "";
						ProvisioningStyle = Automatic;
					};
					4EB65F118FC6F6002695DEF6 = {
						DevelopmentTeam = "$(POWERGRID_DEVELOPMENT_TEAM)";
						ProvisioningStyle = Automatic;
					};
					C156C374EC8B50BC08E208EE = {
						DevelopmentTeam = "";
						ProvisioningStyle = Automatic;
						TestTargetID = 4EB65F118FC6F6002695DEF6;
					};
				};
			};
			buildConfigurationList = 08BA206E2CFF81010C272160 /* Build configuration list for PBXProject "PowerGrid" */;
			developmentRegion = en;
			hasScannedForEncodings = 0;
			knownRegions = (
				Base,
				en,
			);
			mainGroup = 20B33861DC251D45B0FCF402;
			minimizedProjectReferenceProxies = 1;
			packageReferences = (
				39D5DA1790FEEEA41695BD9E /* XCRemoteSwiftPackageReference "grpc-swift-2" */,
				F81DD87832B4F2DD68E3FF9A /* XCRemoteSwiftPackageReference "grpc-swift-nio-transport" */,
				008A5264667C2F06044D6AF1 /* XCRemoteSwiftPackageReference "grpc-swift-protobuf" */,
				9F5F0B5FF598D4B1C16DBBEE /* XCRemoteSwiftPackageReference "swift-nio" */,
				C37CC54177F11922456730EB /* XCRemoteSwiftPackageReference "swift-protobuf" */,
			);
			preferredProjectObjectVersion = 77;
			productRefGroup = 57BECC80F9FB2520E1B6EED1 /* Products */;
			projectDirPath = "";
			projectRoot = "";
			targets = (
				4EB65F118FC6F6002695DEF6 /* PowerGrid */,
				149FE0401C1227C333A3DE4E /* PowerGridTests */,
				C156C374EC8B50BC08E208EE /* PowerGridUITests */,
			);
		};
/* End PBXProject section */

/* Begin PBXResourcesBuildPhase section */
		B2B56A177938F20818D17549 /* Resources */ = {
			isa = PBXResourcesBuildPhase;
			buildActionMask = 2147483647;
			files = (
				3726D8C3D6CD45309F68CD7C /* Assets.xcassets in Resources */,
			);
			runOnlyForDeploymentPostprocessing = 0;
		};
/* End PBXResourcesBuildPhase section */

/* Begin PBXShellScriptBuildPhase section */
		A70510C2A5D2359EC1402839 /* Generate Go Artifacts */ = {
			isa = PBXShellScriptBuildPhase;
			buildActionMask = 2147483647;
			files = (
			);
			inputFileListPaths = (
			);
			inputPaths = (
				"${SRCROOT}/../../../cmd/powergrid-daemon/main.go",
				"${SRCROOT}/../../../cmd/powergrid-helper/main.go",
				"${SRCROOT}/../../../cmd/powergridctl/main.go",
				"${SRCROOT}/../../../go.mod",
				"${SRCROOT}/../../../go.sum",
				"${SRCROOT}/../../../scripts/build-go.sh",
			);
			name = "Generate Go Artifacts";
			outputFileListPaths = (
			);
			outputPaths = (
				"$(DERIVED_FILE_DIR)/powergrid-go/powergrid-daemon",
				"$(DERIVED_FILE_DIR)/powergrid-go/powergrid-helper",
				"$(DERIVED_FILE_DIR)/powergrid-go/powergridctl",
				"$(DERIVED_FILE_DIR)/powergrid-go/powergrid-daemon.buildid",
				"$(DERIVED_FILE_DIR)/powergrid-go/powergrid-daemon.buildmeta",
			);
			runOnlyForDeploymentPostprocessing = 0;
			shellPath = /bin/zsh;
			shellScript = "\"${SRCROOT}/../../../scripts/build-go.sh\"\n";
		};
		BD0C825FED2B74CA51729273 /* Stage Go Artifacts */ = {
			isa = PBXShellScriptBuildPhase;
			alwaysOutOfDate = 1;
			buildActionMask = 2147483647;
			files = (
			);
			inputFileListPaths = (
			);
			inputPaths = (
				"$(DERIVED_FILE_DIR)/powergrid-go/powergrid-daemon",
				"$(DERIVED_FILE_DIR)/powergrid-go/powergrid-helper",
				"$(DERIVED_FILE_DIR)/powergrid-go/powergridctl",
				"$(DERIVED_FILE_DIR)/powergrid-go/powergrid-daemon.buildid",
				"${SRCROOT}/../../../install/com.neutronstar.powergrid.daemon.plist",
			);
			name = "Stage Go Artifacts";
			outputFileListPaths = (
			);
			outputPaths = (
				"$(TARGET_BUILD_DIR)/$(UNLOCALIZED_RESOURCES_FOLDER_PATH)/powergrid-daemon",
				"$(TARGET_BUILD_DIR)/$(UNLOCALIZED_RESOURCES_FOLDER_PATH)/powergrid-helper",
				"$(TARGET_BUILD_DIR)/$(UNLOCALIZED_RESOURCES_FOLDER_PATH)/powergridctl",
				"$(TARGET_BUILD_DIR)/$(UNLOCALIZED_RESOURCES_FOLDER_PATH)/powergrid-daemon.buildid",
				"$(TARGET_BUILD_DIR)/$(UNLOCALIZED_RESOURCES_FOLDER_PATH)/com.neutronstar.powergrid.daemon.plist",
			);
			runOnlyForDeploymentPostprocessing = 0;
			shellPath = /bin/zsh;
			shellScript = "set -euo pipefail\nDEST=\"${TARGET_BUILD_DIR}/${UNLOCALIZED_RESOURCES_FOLDER_PATH}\"\nmkdir -p \"${DEST}\"\ncp \"${DERIVED_FILE_DIR}/powergrid-go/powergrid-daemon\" \"${DEST}/powergrid-daemon\"\ncp \"${DERIVED_FILE_DIR}/powergrid-go/powergrid-helper\" \"${DEST}/powergrid-helper\"\ncp \"${DERIVED_FILE_DIR}/powergrid-go/powergridctl\" \"${DEST}/powergridctl\"\ncp \"${DERIVED_FILE_DIR}/powergrid-go/powergrid-daemon.buildid\" \"${DEST}/powergrid-daemon.buildid\"\ncp \"${SRCROOT}/../../../install/com.neutronstar.powergrid.daemon.plist\" \"${DEST}/com.neutronstar.powergrid.daemon.plist\"\n";
			showEnvVarsInLog = 0;
		};
/* End PBXShellScriptBuildPhase section */

/* Begin PBXSourcesBuildPhase section */
		7DDD7E9311F1A309EEA54758 /* Sources */ = {
			isa = PBXSourcesBuildPhase;
			buildActionMask = 2147483647;
			files = (
				45429AF9CFCBB2C212263235 /* DaemonClient.swift in Sources */,
				50FEF02459540073C6DD083D /* Notifications.swift in Sources */,
				F858B95714D4B28010836C45 /* PowerGridApp.swift in Sources */,
				7B89646C75BCB37A81AF991B /* QuickActionButton.swift in Sources */,
				30F397FC6D02D9C482403370 /* RulesEngine.swift in Sources */,
				F5085199BB624DDEF6116476 /* Settings.swift in Sources */,
				B6EE485CF929C5336E553290 /* TimeEstimation.swift in Sources */,
				48197894CF4B58C8163F54E2 /* powergrid.grpc.swift in Sources */,
				96B83073A7D90207D519CA8B /* powergrid.pb.swift in Sources */,
			);
			runOnlyForDeploymentPostprocessing = 0;
		};
		A925C9D560DEA8F5A07C6C23 /* Sources */ = {
			isa = PBXSourcesBuildPhase;
			buildActionMask = 2147483647;
			files = (
				48A6D55FF46CB350C0101D9F /* PowerGridTests.swift in Sources */,
			);
			runOnlyForDeploymentPostprocessing = 0;
		};
		A9884A2A920A680213C7F8E2 /* Sources */ = {
			isa = PBXSourcesBuildPhase;
			buildActionMask = 2147483647;
			files = (
				62CEE2148803E2BEB87B6032 /* PowerGridUITests.swift in Sources */,
				B6471797EA2A87DAAD742237 /* PowerGridUITestsLaunchTests.swift in Sources */,
			);
			runOnlyForDeploymentPostprocessing = 0;
		};
/* End PBXSourcesBuildPhase section */

/* Begin PBXTargetDependency section */
		50313327F657455392DE215A /* PBXTargetDependency */ = {
			isa = PBXTargetDependency;
			target = 4EB65F118FC6F6002695DEF6 /* PowerGrid */;
			targetProxy = B4C5FF439956AF9E111EAD6A /* PBXContainerItemProxy */;
		};
		CD1C93DD31B9A48AB6D4FAF0 /* PBXTargetDependency */ = {
			isa = PBXTargetDependency;
			target = 4EB65F118FC6F6002695DEF6 /* PowerGrid */;
			targetProxy = BC7150C0F46E9E17906EF34E /* PBXContainerItemProxy */;
		};
/* End PBXTargetDependency section */

/* Begin XCBuildConfiguration section */
		213FF3960CA69C32C51CCF77 /* Release */ = {
			isa = XCBuildConfiguration;
			buildSettings = {
				ALWAYS_SEARCH_USER_PATHS = NO;
				ARCHS = arm64;
				CODE_SIGN_STYLE = Automatic;
				DEVELOPMENT_TEAM = "";
				ENABLE_USER_SCRIPT_SANDBOXING = YES;
				"EXCLUDED_ARCHS[sdk=macosx*]" = x86_64;
				LOCALIZATION_PREFERS_STRING_CATALOGS = YES;
				MACOSX_DEPLOYMENT_TARGET = 15.5;
				SDKROOT = macosx;
				SWIFT_COMPILATION_MODE = wholemodule;
				SWIFT_VERSION = 5.0;
			};
			name = Release;
		};
		44A8D68FA7E0963742976DD8 /* Debug */ = {
			isa = XCBuildConfiguration;
			buildSettings = {
				BUNDLE_LOADER = "$(TEST_HOST)";
				CURRENT_PROJECT_VERSION = 1;
				GENERATE_INFOPLIST_FILE = YES;
				MACOSX_DEPLOYMENT_TARGET = 15.5;
				MARKETING_VERSION = 1.0;
				PRODUCT_BUNDLE_IDENTIFIER = com.neutronstar.PowerGridTests;
				PRODUCT_NAME = "$(TARGET_NAME)";
				TEST_HOST = "$(BUILT_PRODUCTS_DIR)/PowerGrid.app/$(BUNDLE_EXECUTABLE_FOLDER_PATH)/PowerGrid";
			};
			name = Debug;
		};
		4A584E47972E999E9A5A0E9E /* Debug */ = {
			isa = XCBuildConfiguration;
			baseConfigurationReference = 69F429E0BE0751D9045BA31A /* Base.xcconfig */;
			buildSettings = {
				ASSETCATALOG_COMPILER_APPICON_NAME = AppIcon;
				ASSETCATALOG_COMPILER_GLOBAL_ACCENT_COLOR_NAME = AccentColor;
				ASSETCATALOG_COMPILER_INCLUDE_ALL_APPICON_ASSETS = NO;
				CODE_SIGN_ENTITLEMENTS = PowerGrid/PowerGrid.entitlements;
				CURRENT_PROJECT_VERSION = 1;
				DEAD_CODE_STRIPPING = YES;
				ENABLE_HARDENED_RUNTIME = YES;
				GENERATE_INFOPLIST_FILE = YES;
				INFOPLIST_FILE = PowerGrid/Info.plist;
				INFOPLIST_KEY_CFBundleDisplayName = PowerGrid;
				INFOPLIST_KEY_LSUIElement = YES;
				INFOPLIST_KEY_NSAppleEventsUsageDescription = "PowerGrid needs your permission to run a script that will install its required helper daemon.";
				MACOSX_DEPLOYMENT_TARGET = 15.5;
				MARKETING_VERSION = 1.0;
				PRODUCT_BUNDLE_IDENTIFIER = com.neutronstar.PowerGrid;
				PRODUCT_NAME = "$(TARGET_NAME)";
				REGISTER_APP_GROUPS = YES;
			};
			name = Debug;
		};
		4EF3AF1809EE3171B9165D05 /* Debug */ = {
			isa = XCBuildConfiguration;
			buildSettings = {
				ALWAYS_SEARCH_USER_PATHS = NO;
				ARCHS = arm64;
				CODE_SIGN_STYLE = Automatic;
				DEVELOPMENT_TEAM = "";
				ENABLE_TESTABILITY = YES;
				ENABLE_USER_SCRIPT_SANDBOXING = YES;
				"EXCLUDED_ARCHS[sdk=macosx*]" = x86_64;
				LOCALIZATION_PREFERS_STRING_CATALOGS = YES;
				MACOSX_DEPLOYMENT_TARGET = 15.5;
				SDKROOT = macosx;
				SWIFT_ACTIVE_COMPILATION_CONDITIONS = "DEBUG $(inherited)";
				SWIFT_OPTIMIZATION_LEVEL = "-Onone";
				SWIFT_VERSION = 5.0;
			};
			name = Debug;
		};
		56C5798984814D4C3193710D /* Release */ = {
			isa = XCBuildConfiguration;
			buildSettings = {
				BUNDLE_LOADER = "$(TEST_HOST)";
				CURRENT_PROJECT_VERSION = 1;
				GENERATE_INFOPLIST_FILE = YES;
				MACOSX_DEPLOYMENT_TARGET = 15.5;
				MARKETING_VERSION = 1.0;
				PRODUCT_BUNDLE_IDENTIFIER = com.neutronstar.PowerGridTests;
				PRODUCT_NAME = "$(TARGET_NAME)";
				TEST_HOST = "$(BUILT_PRODUCTS_DIR)/PowerGrid.app/$(BUNDLE_EXECUTABLE_FOLDER_PATH)/PowerGrid";
			};
			name = Release;
		};
		AE9230C3C2F8D8DDDEA0823C /* Release */ = {
			isa = XCBuildConfiguration;
			buildSettings = {
				CURRENT_PROJECT_VERSION = 1;
				GENERATE_INFOPLIST_FILE = YES;
				MACOSX_DEPLOYMENT_TARGET = 15.5;
				MARKETING_VERSION = 1.0;
				PRODUCT_BUNDLE_IDENTIFIER = com.neutronstar.PowerGridUITests;
				PRODUCT_NAME = "$(TARGET_NAME)";
				TEST_TARGET_NAME = PowerGrid;
			};
			name = Release;
		};
		C284A4B4E6970E89384B0140 /* Debug */ = {
			isa = XCBuildConfiguration;
			buildSettings = {
				CURRENT_PROJECT_VERSION = 1;
				GENERATE_INFOPLIST_FILE = YES;
				MACOSX_DEPLOYMENT_TARGET = 15.5;
				MARKETING_VERSION = 1.0;
				PRODUCT_BUNDLE_IDENTIFIER = com.neutronstar.PowerGridUITests;
				PRODUCT_NAME = "$(TARGET_NAME)";
				TEST_TARGET_NAME = PowerGrid;
			};
			name = Debug;
		};
		F5490FE31DE0D80E98CBF022 /* Release */ = {
			isa = XCBuildConfiguration;
			baseConfigurationReference = 69F429E0BE0751D9045BA31A /* Base.xcconfig */;
			buildSettings = {
				ASSETCATALOG_COMPILER_APPICON_NAME = AppIcon;
				ASSETCATALOG_COMPILER_GLOBAL_ACCENT_COLOR_NAME = AccentColor;
				ASSETCATALOG_COMPILER_INCLUDE_ALL_APPICON_ASSETS = NO;
				CODE_SIGN_ENTITLEMENTS = PowerGrid/PowerGrid.entitlements;
				CURRENT_PROJECT_VERSION = 1;
				DEAD_CODE_STRIPPING = YES;
				ENABLE_HARDENED_RUNTIME = YES;
				GENERATE_INFOPLIST_FILE = YES;
				INFOPLIST_FILE = PowerGrid/Info.plist;
				INFOPLIST_KEY_CFBundleDisplayName = PowerGrid;
				INFOPLIST_KEY_LSUIElement = YES;
				INFOPLIST_KEY_NSAppleEventsUsageDescription = "PowerGrid needs your permission to run a script that will install its required helper daemon.";
				MACOSX_DEPLOYMENT_TARGET = 15.5;
				MARKETING_VERSION = 1.0;
				PRODUCT_BUNDLE_IDENTIFIER = com.neutronstar.PowerGrid;
				PRODUCT_NAME = "$(TARGET_NAME)";
				REGISTER_APP_GROUPS = YES;
			};
			name = Release;
		};
/* End XCBuildConfiguration section */

/* Begin XCConfigurationList section */
		08BA206E2CFF81010C272160 /* Build configuration list for PBXProject "PowerGrid" */ = {
			isa = XCConfigurationList;
			buildConfigurations = (
				4EF3AF1809EE3171B9165D05 /* Debug */,
				213FF3960CA69C32C51CCF77 /* Release */,
			);
			defaultConfigurationIsVisible = 0;
			defaultConfigurationName = Debug;
		};
		71CBDC00A522C96304BA4F76 /* Build configuration list for PBXNativeTarget "PowerGridTests" */ = {
			isa = XCConfigurationList;
			buildConfigurations = (
				44A8D68FA7E0963742976DD8 /* Debug */,
				56C5798984814D4C3193710D /* Release */,
			);
			defaultConfigurationIsVisible = 0;
			defaultConfigurationName = Debug;
		};
		81ED5351198487FECC1A92F0 /* Build configuration list for PBXNativeTarget "PowerGridUITests" */ = {
			isa = XCConfigurationList;
			buildConfigurations = (
				C284A4B4E6970E89384B0140 /* Debug */,
				AE9230C3C2F8D8DDDEA0823C /* Release */,
			);
			defaultConfigurationIsVisible = 0;
			defaultConfigurationName = Debug;
		};
		ED18CDAF48960650EABDFC9D /* Build configuration list for PBXNativeTarget "PowerGrid" */ = {
			isa = XCConfigurationList;
			buildConfigurations = (
				4A584E47972E999E9A5A0E9E /* Debug */,
				F5490FE31DE0D80E98CBF022 /* Release */,
			);
			defaultConfigurationIsVisible = 0;
			defaultConfigurationName = Debug;
		};
/* End XCConfigurationList section */

/* Begin XCRemoteSwiftPackageReference section */
		008A5264667C2F06044D6AF1 /* XCRemoteSwiftPackageReference "grpc-swift-protobuf" */ = {
			isa = XCRemoteSwiftPackageReference;
			repositoryURL = "https://github.com/grpc/grpc-swift-protobuf.git";
			requirement = {
				kind = upToNextMajorVersion;
				minimumVersion = 2.0.0;
			};
		};
		39D5DA1790FEEEA41695BD9E /* XCRemoteSwiftPackageReference "grpc-swift-2" */ = {
			isa = XCRemoteSwiftPackageReference;
			repositoryURL = "https://github.com/grpc/grpc-swift-2.git";
			requirement = {
				kind = upToNextMajorVersion;
				minimumVersion = 2.1.0;
			};
		};
		9F5F0B5FF598D4B1C16DBBEE /* XCRemoteSwiftPackageReference "swift-nio" */ = {
			isa = XCRemoteSwiftPackageReference;
			repositoryURL = "https://github.com/apple/swift-nio.git";
			requirement = {
				kind = upToNextMajorVersion;
				minimumVersion = 2.85.0;
			};
		};
		C37CC54177F11922456730EB /* XCRemoteSwiftPackageReference "swift-protobuf" */ = {
			isa = XCRemoteSwiftPackageReference;
			repositoryURL = "https://github.com/apple/swift-protobuf.git";
			requirement = {
				kind = upToNextMajorVersion;
				minimumVersion = 1.30.0;
			};
		};
		F81DD87832B4F2DD68E3FF9A /* XCRemoteSwiftPackageReference "grpc-swift-nio-transport" */ = {
			isa = XCRemoteSwiftPackageReference;
			repositoryURL = "https://github.com/grpc/grpc-swift-nio-transport.git";
			requirement = {
				kind = upToNextMajorVersion;
				minimumVersion = 2.0.0;
			};
		};
/* End XCRemoteSwiftPackageReference section */

/* Begin XCSwiftPackageProductDependency section */
		0F271E3EA3A6383E1592DDB8 /* GRPCNIOTransportHTTP2 */ = {
			isa = XCSwiftPackageProductDependency;
			package = F81DD87832B4F2DD68E3FF9A /* XCRemoteSwiftPackageReference "grpc-swift-nio-transport" */;
			productName = GRPCNIOTransportHTTP2;
		};
		62515A9165DFAB7818F0A845 /* GRPCInProcessTransport */ = {
			isa = XCSwiftPackageProductDependency;
			package = 39D5DA1790FEEEA41695BD9E /* XCRemoteSwiftPackageReference "grpc-swift-2" */;
			productName = GRPCInProcessTransport;
		};
		888E8934CE8EAD46D4E6DAA5 /* GRPCProtobuf */ = {
			isa = XCSwiftPackageProductDependency;
			package = 008A5264667C2F06044D6AF1 /* XCRemoteSwiftPackageReference "grpc-swift-protobuf" */;
			productName = GRPCProtobuf;
		};
		B8ECDB6E4334FB614252F46C /* GRPCCore */ = {
			isa = XCSwiftPackageProductDependency;
			package = 39D5DA1790FEEEA41695BD9E /* XCRemoteSwiftPackageReference "grpc-swift-2" */;
			productName = GRPCCore;
		};
		CBDF251491F443289EA8E587 /* NIOCore */ = {
			isa = XCSwiftPackageProductDependency;
			package = 9F5F0B5FF598D4B1C16DBBEE /* XCRemoteSwiftPackageReference "swift-nio" */;
			productName = NIOCore;
		};
		F36B877692413BA5A91D1F5C /* SwiftProtobuf */ = {
			isa = XCSwiftPackageProductDependency;
			package = C37CC54177F11922456730EB /* XCRemoteSwiftPackageReference "swift-protobuf" */;
			productName = SwiftProtobuf;
		};
/* End XCSwiftPackageProductDependency section */
	};
	rootObject = D00EA0F08AC59E5340671A6A /* Project object */;
}
