// !$*UTF8*$!
{
	archiveVersion = 1;
	classes = {
	};
	objectVersion = 77;
	objects = {

/* Begin PBXBuildFile section */
		02B38D354395FD202D2A7CB6 /* QuickActionButton.swift in Sources */ = {isa = PBXBuildFile; fileRef = CC83CDF55ACF8B8E9383C53D /* QuickActionButton.swift */; };
		29CC46D0A141EEF33F6D3EE1 /* Settings.swift in Sources */ = {isa = PBXBuildFile; fileRef = 7FA8BDC536537D0916F11089 /* Settings.swift */; };
		36247FEC2E735EFE452C3517 /* GRPCProtobuf in Frameworks */ = {isa = PBXBuildFile; productRef = 888E8934CE8EAD46D4E6DAA5 /* GRPCProtobuf */; };
		375BFEAFD439DC1C826C0E26 /* GRPCNIOTransportHTTP2 in Frameworks */ = {isa = PBXBuildFile; productRef = 0F271E3EA3A6383E1592DDB8 /* GRPCNIOTransportHTTP2 */; };
		3B90AD79E3D46BAE42785910 /* PowerGridTests.swift in Sources */ = {isa = PBXBuildFile; fileRef = 68D206DFEA8879861D1552CF /* PowerGridTests.swift */; };
		4F0E7D99D7B3F53796C62810 /* Notifications.swift in Sources */ = {isa = PBXBuildFile; fileRef = 193F923134B2208BEBC49F54 /* Notifications.swift */; };
		779A6C33C54593E1CEEA4CCE /* powergrid.grpc.swift in Sources */ = {isa = PBXBuildFile; fileRef = 1B0E38C66962EBB68AD6CEBD /* powergrid.grpc.swift */; };
		77A2F89D0029ACE235F7F96B /* powergrid.pb.swift in Sources */ = {isa = PBXBuildFile; fileRef = 119065394194890169BAD60E /* powergrid.pb.swift */; };
		7C16C62621324AF953B191C7 /* GRPCCore in Frameworks */ = {isa = PBXBuildFile; productRef = B8ECDB6E4334FB614252F46C /* GRPCCore */; };
		85CE20B84447F5A8764AB4C7 /* SwiftProtobuf in Frameworks */ = {isa = PBXBuildFile; productRef = F36B877692413BA5A91D1F5C /* SwiftProtobuf */; };
		A05D4870B0B3ED1AB80FCEF0 /* PowerGridApp.swift in Sources */ = {isa = PBXBuildFile; fileRef = 56109FE14BA13C250E3F1589 /* PowerGridApp.swift */; };
		A588B59E7243C80CCB7E8A41 /* DaemonClient.swift in Sources */ = {isa = PBXBuildFile; fileRef = 34DA044372F80884D84038B0 /* DaemonClient.swift */; };
		A9F5E8912B02A591D8ED2982 /* PowerGridUITestsLaunchTests.swift in Sources */ = {isa = PBXBuildFile; fileRef = D49DAF3E3E52745912183BA1 /* PowerGridUITestsLaunchTests.swift */; };
		C453857ACBD723073195DB23 /* TimeEstimation.swift in Sources */ = {isa = PBXBuildFile; fileRef = 5A6004AF76FD23A14CA28362 /* TimeEstimation.swift */; };
		C4ACE00292054D0557484F2F /* Assets.xcassets in Resources */ = {isa = PBXBuildFile; fileRef = B8CB52210950BBF205D7ECA3 /* Assets.xcassets */; };
		CC5A48F592C11CCF7E15C5A7 /* RulesEngine.swift in Sources */ = {isa = PBXBuildFile; fileRef = 48BF93C61204E4A3ADFAD6B6 /* RulesEngine.swift */; };
		E4DA3057EB8E1CCE973E1578 /* GRPCInProcessTransport in Frameworks */ = {isa = PBXBuildFile; productRef = 62515A9165DFAB7818F0A845 /* GRPCInProcessTransport */; };
		E6E455BF2A00DD281A54F3C6 /* NIOCore in Frameworks */ = {isa = PBXBuildFile; productRef = CBDF251491F443289EA8E587 /* NIOCore */; };
		E77529412BB7A883FB646BF8 /* PowerGridUITests.swift in Sources */ = {isa = PBXBuildFile; fileRef = FC9E8E7AF8579902057CF915 /* PowerGridUITests.swift */; };
/* End PBXBuildFile section */

/* Begin PBXContainerItemProxy section */
		B4C5FF439956AF9E111EAD6A /* PBXContainerItemProxy */ = {
			isa = PBXContainerItemProxy;
			containerPortal = D00EA0F08AC59E5340671A6A /* Project object */;
			proxyType = 1;
			remoteGlobalIDString = 4EB65F118FC6F6002695DEF6;
			remoteInfo = PowerGrid;
		};
		BC7150C0F46E9E17906EF34E /* PBXContainerItemProxy */ = {
			isa = PBXContainerItemProxy;
			containerPortal = D00EA0F08AC59E5340671A6A /* Project object */;
			proxyType = 1;
			remoteGlobalIDString = 4EB65F118FC6F6002695DEF6;
			remoteInfo = PowerGrid;
		};
/* End PBXContainerItemProxy section */

/* Begin PBXFileReference section */
		0BF85E725E8EB5F78E6831B2 /* Base.xcconfig */ = {isa = PBXFileReference; lastKnownFileType = text.xcconfig; path = Base.xcconfig; sourceTree = "<group>"; };
		119065394194890169BAD60E /* powergrid.pb.swift */ = {isa = PBXFileReference; lastKnownFileType = sourcecode.swift; path = powergrid.pb.swift; sourceTree = "<group>"; };
		193F923134B2208BEBC49F54 /* Notifications.swift */ = {isa = PBXFileReference; lastKnownFileType = sourcecode.swift; path = Notifications.swift; sourceTree = "<group>"; };
		1B0E38C66962EBB68AD6CEBD /* powergrid.grpc.swift */ = {isa = PBXFileReference; lastKnownFileType = sourcecode.swift; path = powergrid.grpc.swift; sourceTree = "<group>"; };
		257719E273DB29783563FC40 /* PowerGrid.app */ = {isa = PBXFileReference; explicitFileType = wrapper.application; includeInIndex = 0; path = PowerGrid.app; sourceTree = BUILT_PRODUCTS_DIR; };
		2C14D5A1FCD4ADD9949D52B1 /* .gitkeep */ = {isa = PBXFileReference; path = .gitkeep; sourceTree = "<group>"; };
		34DA044372F80884D84038B0 /* DaemonClient.swift */ = {isa = PBXFileReference; lastKnownFileType = sourcecode.swift; path = DaemonClient.swift; sourceTree = "<group>"; };
		48BF93C61204E4A3ADFAD6B6 /* RulesEngine.swift */ = {isa = PBXFileReference; lastKnownFileType = sourcecode.swift; path = RulesEngine.swift; sourceTree = "<group>"; };
		52D4F08E46D4800B2B1E4F1C /* PowerGridUITests.xctest */ = {isa = PBXFileReference; explicitFileType = wrapper.cfbundle; includeInIndex = 0; path = PowerGridUITests.xctest; sourceTree = BUILT_PRODUCTS_DIR; };
		56109FE14BA13C250E3F1589 /* PowerGridApp.swift */ = {isa = PBXFileReference; lastKnownFileType = sourcecode.swift; path = PowerGridApp.swift; sourceTree = "<group>"; };
		5A6004AF76FD23A14CA28362 /* TimeEstimation.swift */ = {isa = PBXFileReference; lastKnownFileType = sourcecode.swift; path = TimeEstimation.swift; sourceTree = "<group>"; };
		68D206DFEA8879861D1552CF /* PowerGridTests.swift */ = {isa = PBXFileReference; lastKnownFileType = sourcecode.swift; path = PowerGridTests.swift; sourceTree = "<group>"; };
		7FA8BDC536537D0916F11089 /* Settings.swift */ = {isa = PBXFileReference; lastKnownFileType = sourcecode.swift; path = Settings.swift; sourceTree = "<group>"; };
		B3649155D17482CA65711FDA /* PowerGrid.entitlements */ = {isa = PBXFileReference; lastKnownFileType = text.plist.entitlements; path = PowerGrid.entitlements; sourceTree = "<group>"; };
		B8CB52210950BBF205D7ECA3 /* Assets.xcassets */ = {isa = PBXFileReference; lastKnownFileType = folder.assetcatalog; path = Assets.xcassets; sourceTree = "<group>"; };
		CC83CDF55ACF8B8E9383C53D /* QuickActionButton.swift */ = {isa = PBXFileReference; lastKnownFileType = sourcecode.swift; path = QuickActionButton.swift; sourceTree = "<group>"; };
		D49DAF3E3E52745912183BA1 /* PowerGridUITestsLaunchTests.swift */ = {isa = PBXFileReference; lastKnownFileType = sourcecode.swift; path = PowerGridUITestsLaunchTests.swift; sourceTree = "<group>"; };
		D5817668980061BED52C7FE2 /* PowerGridTests.xctest */ = {isa = PBXFileReference; explicitFileType = wrapper.cfbundle; includeInIndex = 0; path = PowerGridTests.xctest; sourceTree = BUILT_PRODUCTS_DIR; };
		FC9E8E7AF8579902057CF915 /* PowerGridUITests.swift */ = {isa = PBXFileReference; lastKnownFileType = sourcecode.swift; path = PowerGridUITests.swift; sourceTree = "<group>"; };
/* End PBXFileReference section */

/* Begin PBXFrameworksBuildPhase section */
		6DD7BF36E9DE98666471D0ED /* Frameworks */ = {
			isa = PBXFrameworksBuildPhase;
			buildActionMask = 2147483647;
			files = (
				375BFEAFD439DC1C826C0E26 /* GRPCNIOTransportHTTP2 in Frameworks */,
				7C16C62621324AF953B191C7 /* GRPCCore in Frameworks */,
				E4DA3057EB8E1CCE973E1578 /* GRPCInProcessTransport in Frameworks */,
				E6E455BF2A00DD281A54F3C6 /* NIOCore in Frameworks */,
				36247FEC2E735EFE452C3517 /* GRPCProtobuf in Frameworks */,
				85CE20B84447F5A8764AB4C7 /* SwiftProtobuf in Frameworks */,
			);
			runOnlyForDeploymentPostprocessing = 0;
		};
/* End PBXFrameworksBuildPhase section */

/* Begin PBXGroup section */
		20B33861DC251D45B0FCF402 = {
			isa = PBXGroup;
			children = (
				817D837193B15D13725261B5 /* cmd */,
				57BECC80F9FB2520E1B6EED1 /* Products */,
			);
			sourceTree = "<group>";
		};
		25B7890D4B02ABFA96780A5D /* PowerGrid */ = {
			isa = PBXGroup;
			children = (
				E1DDF7FFFA5A8C1648B3F8C5 /* Config */,
				EC34065E0ACBC11E21504357 /* PowerGrid */,
				2B625D818226D5DBDA97535D /* PowerGridTests */,
				A4E649DDE2E0510E72A90953 /* PowerGridUITests */,
			);
			path = PowerGrid;
			sourceTree = "<group>";
		};
		2B625D818226D5DBDA97535D /* PowerGridTests */ = {
			isa = PBXGroup;
			children = (
				68D206DFEA8879861D1552CF /* PowerGridTests.swift */,
			);
			path = PowerGridTests;
			sourceTree = "<group>";
		};
		57BECC80F9FB2520E1B6EED1 /* Products */ = {
			isa = PBXGroup;
			children = (
				257719E273DB29783563FC40 /* PowerGrid.app */,
				D5817668980061BED52C7FE2 /* PowerGridTests.xctest */,
				52D4F08E46D4800B2B1E4F1C /* PowerGridUITests.xctest */,
			);
			name = Products;
			sourceTree = "<group>";
		};
		5D01D19184569A83D4CB34CB /* internal */ = {
			isa = PBXGroup;
			children = (
				BD85E68BA5CA1CA4562DD887 /* rpc */,
			);
			path = internal;
			sourceTree = "<group>";
		};
		817D837193B15D13725261B5 /* cmd */ = {
			isa = PBXGroup;
			children = (
				C9196F16B318C18D9575D526 /* powergrid-app */,
			);
			name = cmd;
			path = ../..;
			sourceTree = "<group>";
		};
		A4E649DDE2E0510E72A90953 /* PowerGridUITests */ = {
			isa = PBXGroup;
			children = (
				FC9E8E7AF8579902057CF915 /* PowerGridUITests.swift */,
				D49DAF3E3E52745912183BA1 /* PowerGridUITestsLaunchTests.swift */,
			);
			path = PowerGridUITests;
			sourceTree = "<group>";
		};
		BD85E68BA5CA1CA4562DD887 /* rpc */ = {
			isa = PBXGroup;
			children = (
				2C14D5A1FCD4ADD9949D52B1 /* .gitkeep */,
				1B0E38C66962EBB68AD6CEBD /* powergrid.grpc.swift */,
				119065394194890169BAD60E /* powergrid.pb.swift */,
			);
			path = rpc;
			sourceTree = "<group>";
		};
		C9196F16B318C18D9575D526 /* powergrid-app */ = {
			isa = PBXGroup;
			children = (
				25B7890D4B02ABFA96780A5D /* PowerGrid */,
			);
			path = "powergrid-app";
			sourceTree = "<group>";
		};
		E1DDF7FFFA5A8C1648B3F8C5 /* Config */ = {
			isa = PBXGroup;
			children = (
				0BF85E725E8EB5F78E6831B2 /* Base.xcconfig */,
			);
			path = Config;
			sourceTree = "<group>";
		};
		EC34065E0ACBC11E21504357 /* PowerGrid */ = {
			isa = PBXGroup;
			children = (
				5D01D19184569A83D4CB34CB /* internal */,
				B8CB52210950BBF205D7ECA3 /* Assets.xcassets */,
				34DA044372F80884D84038B0 /* DaemonClient.swift */,
				193F923134B2208BEBC49F54 /* Notifications.swift */,
				B3649155D17482CA65711FDA /* PowerGrid.entitlements */,
				56109FE14BA13C250E3F1589 /* PowerGridApp.swift */,
				CC83CDF55ACF8B8E9383C53D /* QuickActionButton.swift */,
				48BF93C61204E4A3ADFAD6B6 /* RulesEngine.swift */,
				7FA8BDC536537D0916F11089 /* Settings.swift */,
				5A6004AF76FD23A14CA28362 /* TimeEstimation.swift */,
			);
			path = PowerGrid;
			sourceTree = "<group>";
		};
/* End PBXGroup section */

/* Begin PBXNativeTarget section */
		149FE0401C1227C333A3DE4E /* PowerGridTests */ = {
			isa = PBXNativeTarget;
			buildConfigurationList = 71CBDC00A522C96304BA4F76 /* Build configuration list for PBXNativeTarget "PowerGridTests" */;
			buildPhases = (
				A925C9D560DEA8F5A07C6C23 /* Sources */,
			);
			buildRules = (
			);
			dependencies = (
				CD1C93DD31B9A48AB6D4FAF0 /* PBXTargetDependency */,
			);
			name = PowerGridTests;
			packageProductDependencies = (
			);
			productName = PowerGridTests;
			productReference = D5817668980061BED52C7FE2 /* PowerGridTests.xctest */;
			productType = "com.apple.product-type.bundle.unit-test";
		};
		4EB65F118FC6F6002695DEF6 /* PowerGrid */ = {
			isa = PBXNativeTarget;
			buildConfigurationList = ED18CDAF48960650EABDFC9D /* Build configuration list for PBXNativeTarget "PowerGrid" */;
			buildPhases = (
				A70510C2A5D2359EC1402839 /* Generate Go Artifacts */,
				BD0C825FED2B74CA51729273 /* Stage Go Artifacts */,
				7DDD7E9311F1A309EEA54758 /* Sources */,
				B2B56A177938F20818D17549 /* Resources */,
				6DD7BF36E9DE98666471D0ED /* Frameworks */,
			);
			buildRules = (
			);
			dependencies = (
			);
			name = PowerGrid;
			packageProductDependencies = (
				0F271E3EA3A6383E1592DDB8 /* GRPCNIOTransportHTTP2 */,
				B8ECDB6E4334FB614252F46C /* GRPCCore */,
				62515A9165DFAB7818F0A845 /* GRPCInProcessTransport */,
				CBDF251491F443289EA8E587 /* NIOCore */,
				888E8934CE8EAD46D4E6DAA5 /* GRPCProtobuf */,
				F36B877692413BA5A91D1F5C /* SwiftProtobuf */,
			);
			productName = PowerGrid;
			productReference = 257719E273DB29783563FC40 /* PowerGrid.app */;
			productType = "com.apple.product-type.application";
		};
		C156C374EC8B50BC08E208EE /* PowerGridUITests */ = {
			isa = PBXNativeTarget;
			buildConfigurationList = 81ED5351198487FECC1A92F0 /* Build configuration list for PBXNativeTarget "PowerGridUITests" */;
			buildPhases = (
				A9884A2A920A680213C7F8E2 /* Sources */,
			);
			buildRules = (
			);
			dependencies = (
				50313327F657455392DE215A /* PBXTargetDependency */,
			);
			name = PowerGridUITests;
			packageProductDependencies = (
			);
			productName = PowerGridUITests;
			productReference = 52D4F08E46D4800B2B1E4F1C /* PowerGridUITests.xctest */;
			productType = "com.apple.product-type.bundle.ui-testing";
		};
/* End PBXNativeTarget section */

/* Begin PBXProject section */
		D00EA0F08AC59E5340671A6A /* Project object */ = {
			isa = PBXProject;
			attributes = {
				BuildIndependentTargetsInParallel = YES;
				LastUpgradeCheck = 1430;
				TargetAttributes = {
					149FE0401C1227C333A3DE4E = {
						DevelopmentTeam = "";
						ProvisioningStyle = Automatic;
					};
					4EB65F118FC6F6002695DEF6 = {
						DevelopmentTeam = "$(POWERGRID_DEVELOPMENT_TEAM)";
						ProvisioningStyle = Automatic;
					};
					C156C374EC8B50BC08E208EE = {
						DevelopmentTeam = "";
						ProvisioningStyle = Automatic;
						TestTargetID = 4EB65F118FC6F6002695DEF6;
					};
				};
			};
			buildConfigurationList = 08BA206E2CFF81010C272160 /* Build configuration list for PBXProject "PowerGrid" */;
			compatibilityVersion = "Xcode 14.0";
			developmentRegion = en;
			hasScannedForEncodings = 0;
			knownRegions = (
				Base,
				en,
			);
			mainGroup = 20B33861DC251D45B0FCF402;
			minimizedProjectReferenceProxies = 1;
			packageReferences = (
				39D5DA1790FEEEA41695BD9E /* XCRemoteSwiftPackageReference "grpc-swift-2" */,
				F81DD87832B4F2DD68E3FF9A /* XCRemoteSwiftPackageReference "grpc-swift-nio-transport" */,
				008A5264667C2F06044D6AF1 /* XCRemoteSwiftPackageReference "grpc-swift-protobuf" */,
				9F5F0B5FF598D4B1C16DBBEE /* XCRemoteSwiftPackageReference "swift-nio" */,
				C37CC54177F11922456730EB /* XCRemoteSwiftPackageReference "swift-protobuf" */,
			);
			preferredProjectObjectVersion = 77;
			projectDirPath = "";
			projectRoot = "";
			targets = (
				4EB65F118FC6F6002695DEF6 /* PowerGrid */,
				149FE0401C1227C333A3DE4E /* PowerGridTests */,
				C156C374EC8B50BC08E208EE /* PowerGridUITests */,
			);
		};
/* End PBXProject section */

/* Begin PBXResourcesBuildPhase section */
		B2B56A177938F20818D17549 /* Resources */ = {
			isa = PBXResourcesBuildPhase;
			buildActionMask = 2147483647;
			files = (
				C4ACE00292054D0557484F2F /* Assets.xcassets in Resources */,
			);
			runOnlyForDeploymentPostprocessing = 0;
		};
/* End PBXResourcesBuildPhase section */

/* Begin PBXShellScriptBuildPhase section */
		A70510C2A5D2359EC1402839 /* Generate Go Artifacts */ = {
			isa = PBXShellScriptBuildPhase;
			buildActionMask = 2147483647;
			files = (
			);
			inputFileListPaths = (
			);
			inputPaths = (
				"${SRCROOT}/../../../cmd/powergrid-daemon/main.go",
				"${SRCROOT}/../../../cmd/powergrid-helper/main.go",
				"${SRCROOT}/../../../cmd/powergridctl/main.go",
				"${SRCROOT}/../../../go.mod",
				"${SRCROOT}/../../../go.sum",
				"${SRCROOT}/../../../scripts/build-go.sh",
			);
			name = "Generate Go Artifacts";
			outputFileListPaths = (
			);
			outputPaths = (
				"$(DERIVED_FILE_DIR)/powergrid-go/powergrid-daemon",
				"$(DERIVED_FILE_DIR)/powergrid-go/powergrid-helper",
				"$(DERIVED_FILE_DIR)/powergrid-go/powergridctl",
				"$(DERIVED_FILE_DIR)/powergrid-go/powergrid-daemon.buildid",
				"$(DERIVED_FILE_DIR)/powergrid-go/powergrid-daemon.buildmeta",
			);
			runOnlyForDeploymentPostprocessing = 0;
			shellPath = /bin/zsh;
			shellScript = "\"${SRCROOT}/../../../scripts/build-go.sh\"\n";
		};
		BD0C825FED2B74CA51729273 /* Stage Go Artifacts */ = {
			isa = PBXShellScriptBuildPhase;
			alwaysOutOfDate = 1;
			buildActionMask = 2147483647;
			files = (
			);
			inputFileListPaths = (
			);
			inputPaths = (
				"$(DERIVED_FILE_DIR)/powergrid-go/powergrid-daemon",
				"$(DERIVED_FILE_DIR)/powergrid-go/powergrid-helper",
				"$(DERIVED_FILE_DIR)/powergrid-go/powergridctl",
				"$(DERIVED_FILE_DIR)/powergrid-go/powergrid-daemon.buildid",
				"${SRCROOT}/../../../install/com.neutronstar.powergrid.daemon.plist",
			);
			name = "Stage Go Artifacts";
			outputFileListPaths = (
			);
			outputPaths = (
				"$(TARGET_BUILD_DIR)/$(UNLOCALIZED_RESOURCES_FOLDER_PATH)/powergrid-daemon",
				"$(TARGET_BUILD_DIR)/$(UNLOCALIZED_RESOURCES_FOLDER_PATH)/powergrid-helper",
				"$(TARGET_BUILD_DIR)/$(UNLOCALIZED_RESOURCES_FOLDER_PATH)/powergridctl",
				"$(TARGET_BUILD_DIR)/$(UNLOCALIZED_RESOURCES_FOLDER_PATH)/powergrid-daemon.buildid",
				"$(TARGET_BUILD_DIR)/$(UNLOCALIZED_RESOURCES_FOLDER_PATH)/com.neutronstar.powergrid.daemon.plist",
			);
			runOnlyForDeploymentPostprocessing = 0;
			shellPath = /bin/zsh;
			shellScript = "set -euo pipefail\nDEST=\"${TARGET_BUILD_DIR}/${UNLOCALIZED_RESOURCES_FOLDER_PATH}\"\nmkdir -p \"${DEST}\"\ncp \"${DERIVED_FILE_DIR}/powergrid-go/powergrid-daemon\" \"${DEST}/powergrid-daemon\"\ncp \"${DERIVED_FILE_DIR}/powergrid-go/powergrid-helper\" \"${DEST}/powergrid-helper\"\ncp \"${DERIVED_FILE_DIR}/powergrid-go/powergridctl\" \"${DEST}/powergridctl\"\ncp \"${DERIVED_FILE_DIR}/powergrid-go/powergrid-daemon.buildid\" \"${DEST}/powergrid-daemon.buildid\"\ncp \"${SRCROOT}/../../../install/com.neutronstar.powergrid.daemon.plist\" \"${DEST}/com.neutronstar.powergrid.daemon.plist\"\n";
			showEnvVarsInLog = 0;
		};
/* End PBXShellScriptBuildPhase section */

/* Begin PBXSourcesBuildPhase section */
		7DDD7E9311F1A309EEA54758 /* Sources */ = {
			isa = PBXSourcesBuildPhase;
			buildActionMask = 2147483647;
			files = (
				A588B59E7243C80CCB7E8A41 /* DaemonClient.swift in Sources */,
				4F0E7D99D7B3F53796C62810 /* Notifications.swift in Sources */,
				A05D4870B0B3ED1AB80FCEF0 /* PowerGridApp.swift in Sources */,
				02B38D354395FD202D2A7CB6 /* QuickActionButton.swift in Sources */,
				CC5A48F592C11CCF7E15C5A7 /* RulesEngine.swift in Sources */,
				29CC46D0A141EEF33F6D3EE1 /* Settings.swift in Sources */,
				C453857ACBD723073195DB23 /* TimeEstimation.swift in Sources */,
				779A6C33C54593E1CEEA4CCE /* powergrid.grpc.swift in Sources */,
				77A2F89D0029ACE235F7F96B /* powergrid.pb.swift in Sources */,
			);
			runOnlyForDeploymentPostprocessing = 0;
		};
		A925C9D560DEA8F5A07C6C23 /* Sources */ = {
			isa = PBXSourcesBuildPhase;
			buildActionMask = 2147483647;
			files = (
				3B90AD79E3D46BAE42785910 /* PowerGridTests.swift in Sources */,
			);
			runOnlyForDeploymentPostprocessing = 0;
		};
		A9884A2A920A680213C7F8E2 /* Sources */ = {
			isa = PBXSourcesBuildPhase;
			buildActionMask = 2147483647;
			files = (
				E77529412BB7A883FB646BF8 /* PowerGridUITests.swift in Sources */,
				A9F5E8912B02A591D8ED2982 /* PowerGridUITestsLaunchTests.swift in Sources */,
			);
			runOnlyForDeploymentPostprocessing = 0;
		};
/* End PBXSourcesBuildPhase section */

/* Begin PBXTargetDependency section */
		50313327F657455392DE215A /* PBXTargetDependency */ = {
			isa = PBXTargetDependency;
			target = 4EB65F118FC6F6002695DEF6 /* PowerGrid */;
			targetProxy = B4C5FF439956AF9E111EAD6A /* PBXContainerItemProxy */;
		};
		CD1C93DD31B9A48AB6D4FAF0 /* PBXTargetDependency */ = {
			isa = PBXTargetDependency;
			target = 4EB65F118FC6F6002695DEF6 /* PowerGrid */;
			targetProxy = BC7150C0F46E9E17906EF34E /* PBXContainerItemProxy */;
		};
/* End PBXTargetDependency section */

/* Begin XCBuildConfiguration section */
		213FF3960CA69C32C51CCF77 /* Release */ = {
			isa = XCBuildConfiguration;
			buildSettings = {
				ALWAYS_SEARCH_USER_PATHS = NO;
				ARCHS = arm64;
				CODE_SIGN_STYLE = Automatic;
				DEVELOPMENT_TEAM = "";
				ENABLE_USER_SCRIPT_SANDBOXING = YES;
				"EXCLUDED_ARCHS[sdk=macosx*]" = x86_64;
				LOCALIZATION_PREFERS_STRING_CATALOGS = YES;
				MACOSX_DEPLOYMENT_TARGET = 15.5;
				SDKROOT = macosx;
				SWIFT_COMPILATION_MODE = wholemodule;
				SWIFT_VERSION = 5.0;
			};
			name = Release;
		};
		44A8D68FA7E0963742976DD8 /* Debug */ = {
			isa = XCBuildConfiguration;
			buildSettings = {
				BUNDLE_LOADER = "$(TEST_HOST)";
				CURRENT_PROJECT_VERSION = 1;
				GENERATE_INFOPLIST_FILE = YES;
				MACOSX_DEPLOYMENT_TARGET = 15.5;
				MARKETING_VERSION = 1.0;
				PRODUCT_BUNDLE_IDENTIFIER = com.neutronstar.PowerGridTests;
				PRODUCT_NAME = "$(TARGET_NAME)";
				TEST_HOST = "$(BUILT_PRODUCTS_DIR)/PowerGrid.app/$(BUNDLE_EXECUTABLE_FOLDER_PATH)/PowerGrid";
			};
			name = Debug;
		};
		4A584E47972E999E9A5A0E9E /* Debug */ = {
			isa = XCBuildConfiguration;
			baseConfigurationReference = 0BF85E725E8EB5F78E6831B2 /* Base.xcconfig */;
			buildSettings = {
				ASSETCATALOG_COMPILER_APPICON_NAME = AppIcon;
				ASSETCATALOG_COMPILER_GLOBAL_ACCENT_COLOR_NAME = AccentColor;
				ASSETCATALOG_COMPILER_INCLUDE_ALL_APPICON_ASSETS = NO;
				CODE_SIGN_ENTITLEMENTS = PowerGrid/PowerGrid.entitlements;
				CURRENT_PROJECT_VERSION = 1;
				DEAD_CODE_STRIPPING = YES;
				ENABLE_HARDENED_RUNTIME = YES;
				GENERATE_INFOPLIST_FILE = YES;
				INFOPLIST_FILE = PowerGrid/Info.plist;
				INFOPLIST_KEY_CFBundleDisplayName = PowerGrid;
				INFOPLIST_KEY_LSUIElement = YES;
				INFOPLIST_KEY_NSAppleEventsUsageDescription = "PowerGrid needs your permission to run a script that will install its required helper daemon.";
				MACOSX_DEPLOYMENT_TARGET = 15.5;
				MARKETING_VERSION = 1.0;
				PRODUCT_BUNDLE_IDENTIFIER = com.neutronstar.PowerGrid;
				PRODUCT_NAME = "$(TARGET_NAME)";
				REGISTER_APP_GROUPS = YES;
			};
			name = Debug;
		};
		4EF3AF1809EE3171B9165D05 /* Debug */ = {
			isa = XCBuildConfiguration;
			buildSettings = {
				ALWAYS_SEARCH_USER_PATHS = NO;
				ARCHS = arm64;
				CODE_SIGN_STYLE = Automatic;
				DEVELOPMENT_TEAM = "";
				ENABLE_TESTABILITY = YES;
				ENABLE_USER_SCRIPT_SANDBOXING = YES;
				"EXCLUDED_ARCHS[sdk=macosx*]" = x86_64;
				LOCALIZATION_PREFERS_STRING_CATALOGS = YES;
				MACOSX_DEPLOYMENT_TARGET = 15.5;
				SDKROOT = macosx;
				SWIFT_ACTIVE_COMPILATION_CONDITIONS = "DEBUG $(inherited)";
				SWIFT_OPTIMIZATION_LEVEL = "-Onone";
				SWIFT_VERSION = 5.0;
			};
			name = Debug;
		};
		56C5798984814D4C3193710D /* Release */ = {
			isa = XCBuildConfiguration;
			buildSettings = {
				BUNDLE_LOADER = "$(TEST_HOST)";
				CURRENT_PROJECT_VERSION = 1;
				GENERATE_INFOPLIST_FILE = YES;
				MACOSX_DEPLOYMENT_TARGET = 15.5;
				MARKETING_VERSION = 1.0;
				PRODUCT_BUNDLE_IDENTIFIER = com.neutronstar.PowerGridTests;
				PRODUCT_NAME = "$(TARGET_NAME)";
				TEST_HOST = "$(BUILT_PRODUCTS_DIR)/PowerGrid.app/$(BUNDLE_EXECUTABLE_FOLDER_PATH)/PowerGrid";
			};
			name = Release;
		};
		AE9230C3C2F8D8DDDEA0823C /* Release */ = {
			isa = XCBuildConfiguration;
			buildSettings = {
				CURRENT_PROJECT_VERSION = 1;
				GENERATE_INFOPLIST_FILE = YES;
				MACOSX_DEPLOYMENT_TARGET = 15.5;
				MARKETING_VERSION = 1.0;
				PRODUCT_BUNDLE_IDENTIFIER = com.neutronstar.PowerGridUITests;
				PRODUCT_NAME = "$(TARGET_NAME)";
				TEST_TARGET_NAME = PowerGrid;
			};
			name = Release;
		};
		C284A4B4E6970E89384B0140 /* Debug */ = {
			isa = XCBuildConfiguration;
			buildSettings = {
				CURRENT_PROJECT_VERSION = 1;
				GENERATE_INFOPLIST_FILE = YES;
				MACOSX_DEPLOYMENT_TARGET = 15.5;
				MARKETING_VERSION = 1.0;
				PRODUCT_BUNDLE_IDENTIFIER = com.neutronstar.PowerGridUITests;
				PRODUCT_NAME = "$(TARGET_NAME)";
				TEST_TARGET_NAME = PowerGrid;
			};
			name = Debug;
		};
		F5490FE31DE0D80E98CBF022 /* Release */ = {
			isa = XCBuildConfiguration;
			baseConfigurationReference = 0BF85E725E8EB5F78E6831B2 /* Base.xcconfig */;
			buildSettings = {
				ASSETCATALOG_COMPILER_APPICON_NAME = AppIcon;
				ASSETCATALOG_COMPILER_GLOBAL_ACCENT_COLOR_NAME = AccentColor;
				ASSETCATALOG_COMPILER_INCLUDE_ALL_APPICON_ASSETS = NO;
				CODE_SIGN_ENTITLEMENTS = PowerGrid/PowerGrid.entitlements;
				CURRENT_PROJECT_VERSION = 1;
				DEAD_CODE_STRIPPING = YES;
				ENABLE_HARDENED_RUNTIME = YES;
				GENERATE_INFOPLIST_FILE = YES;
				INFOPLIST_FILE = PowerGrid/Info.plist;
				INFOPLIST_KEY_CFBundleDisplayName = PowerGrid;
				INFOPLIST_KEY_LSUIElement = YES;
				INFOPLIST_KEY_NSAppleEventsUsageDescription = "PowerGrid needs your permission to run a script that will install its required helper daemon.";
				MACOSX_DEPLOYMENT_TARGET = 15.5;
				MARKETING_VERSION = 1.0;
				PRODUCT_BUNDLE_IDENTIFIER = com.neutronstar.PowerGrid;
				PRODUCT_NAME = "$(TARGET_NAME)";
				REGISTER_APP_GROUPS = YES;
			};
			name = Release;
		};
/* End XCBuildConfiguration section */

/* Begin XCConfigurationList section */
		08BA206E2CFF81010C272160 /* Build configuration list for PBXProject "PowerGrid" */ = {
			isa = XCConfigurationList;
			buildConfigurations = (
				4EF3AF1809EE3171B9165D05 /* Debug */,
				213FF3960CA69C32C51CCF77 /* Release */,
			);
			defaultConfigurationIsVisible = 0;
			defaultConfigurationName = Debug;
		};
		71CBDC00A522C96304BA4F76 /* Build configuration list for PBXNativeTarget "PowerGridTests" */ = {
			isa = XCConfigurationList;
			buildConfigurations = (
				44A8D68FA7E0963742976DD8 /* Debug */,
				56C5798984814D4C3193710D /* Release */,
			);
			defaultConfigurationIsVisible = 0;
			defaultConfigurationName = Debug;
		};
		81ED5351198487FECC1A92F0 /* Build configuration list for PBXNativeTarget "PowerGridUITests" */ = {
			isa = XCConfigurationList;
			buildConfigurations = (
				C284A4B4E6970E89384B0140 /* Debug */,
				AE9230C3C2F8D8DDDEA0823C /* Release */,
			);
			defaultConfigurationIsVisible = 0;
			defaultConfigurationName = Debug;
		};
		ED18CDAF48960650EABDFC9D /* Build configuration list for PBXNativeTarget "PowerGrid" */ = {
			isa = XCConfigurationList;
			buildConfigurations = (
				4A584E47972E999E9A5A0E9E /* Debug */,
				F5490FE31DE0D80E98CBF022 /* Release */,
			);
			defaultConfigurationIsVisible = 0;
			defaultConfigurationName = Debug;
		};
/* End XCConfigurationList section */

/* Begin XCRemoteSwiftPackageReference section */
		008A5264667C2F06044D6AF1 /* XCRemoteSwiftPackageReference "grpc-swift-protobuf" */ = {
			isa = XCRemoteSwiftPackageReference;
			repositoryURL = "https://github.com/grpc/grpc-swift-protobuf.git";
			requirement = {
				kind = upToNextMajorVersion;
				minimumVersion = 2.0.0;
			};
		};
		39D5DA1790FEEEA41695BD9E /* XCRemoteSwiftPackageReference "grpc-swift-2" */ = {
			isa = XCRemoteSwiftPackageReference;
			repositoryURL = "https://github.com/grpc/grpc-swift-2.git";
			requirement = {
				kind = upToNextMajorVersion;
				minimumVersion = 2.1.0;
			};
		};
		9F5F0B5FF598D4B1C16DBBEE /* XCRemoteSwiftPackageReference "swift-nio" */ = {
			isa = XCRemoteSwiftPackageReference;
			repositoryURL = "https://github.com/apple/swift-nio.git";
			requirement = {
				kind = upToNextMajorVersion;
				minimumVersion = 2.85.0;
			};
		};
		C37CC54177F11922456730EB /* XCRemoteSwiftPackageReference "swift-protobuf" */ = {
			isa = XCRemoteSwiftPackageReference;
			repositoryURL = "https://github.com/apple/swift-protobuf.git";
			requirement = {
				kind = upToNextMajorVersion;
				minimumVersion = 1.30.0;
			};
		};
		F81DD87832B4F2DD68E3FF9A /* XCRemoteSwiftPackageReference "grpc-swift-nio-transport" */ = {
			isa = XCRemoteSwiftPackageReference;
			repositoryURL = "https://github.com/grpc/grpc-swift-nio-transport.git";
			requirement = {
				kind = upToNextMajorVersion;
				minimumVersion = 2.0.0;
			};
		};
/* End XCRemoteSwiftPackageReference section */

/* Begin XCSwiftPackageProductDependency section */
		0F271E3EA3A6383E1592DDB8 /* GRPCNIOTransportHTTP2 */ = {
			isa = XCSwiftPackageProductDependency;
			package = F81DD87832B4F2DD68E3FF9A /* XCRemoteSwiftPackageReference "grpc-swift-nio-transport" */;
			productName = GRPCNIOTransportHTTP2;
		};
		62515A9165DFAB7818F0A845 /* GRPCInProcessTransport */ = {
			isa = XCSwiftPackageProductDependency;
			package = 39D5DA1790FEEEA41695BD9E /* XCRemoteSwiftPackageReference "grpc-swift-2" */;
			productName = GRPCInProcessTransport;
		};
		888E8934CE8EAD46D4E6DAA5 /* GRPCProtobuf */ = {
			isa = XCSwiftPackageProductDependency;
			package = 008A5264667C2F06044D6AF1 /* XCRemoteSwiftPackageReference "grpc-swift-protobuf" */;
			productName = GRPCProtobuf;
		};
		B8ECDB6E4334FB614252F46C /* GRPCCore */ = {
			isa = XCSwiftPackageProductDependency;
			package = 39D5DA1790FEEEA41695BD9E /* XCRemoteSwiftPackageReference "grpc-swift-2" */;
			productName = GRPCCore;
		};
		CBDF251491F443289EA8E587 /* NIOCore */ = {
			isa = XCSwiftPackageProductDependency;
			package = 9F5F0B5FF598D4B1C16DBBEE /* XCRemoteSwiftPackageReference "swift-nio" */;
			productName = NIOCore;
		};
		F36B877692413BA5A91D1F5C /* SwiftProtobuf */ = {
			isa = XCSwiftPackageProductDependency;
			package = C37CC54177F11922456730EB /* XCRemoteSwiftPackageReference "swift-protobuf" */;
			productName = SwiftProtobuf;
		};
/* End XCSwiftPackageProductDependency section */
	};
	rootObject = D00EA0F08AC59E5340671A6A /* Project object */;
}
